
Microsoft Visual Studio Solution File, Format Version 12.00
# Visual Studio 15
VisualStudioVersion = 15.0.28307.168
MinimumVisualStudioVersion = 10.0.40219.1
Project("{FAE04EC0-301F-11D3-BF4B-00C04F79EFBC}") = "ChecksumZIP", "ChecksumZIP\ChecksumZIP.csproj", "{F88BB894-F873-45AD-9D44-5D0E232A614D}"
EndProject
Global
	GlobalSection(SolutionConfigurationPlatforms) = preSolution
		Debug|Any CPU = Debug|Any CPU
		Release|Any CPU = Release|Any CPU
	EndGlobalSection
	GlobalSection(ProjectConfigurationPlatforms) = postSolution
		{F88BB894-F873-45AD-9D44-5D0E232A614D}.Debug|Any CPU.ActiveCfg = Debug|Any CPU
		{F88BB894-F873-45AD-9D44-5D0E232A614D}.Debug|Any CPU.Build.0 = Debug|Any CPU
		{F88BB894-F873-45AD-9D44-5D0E232A614D}.Release|Any CPU.ActiveCfg = Release|Any CPU
		{F88BB894-F873-45AD-9D44-5D0E232A614D}.Release|Any CPU.Build.0 = Release|Any CPU
	EndGlobalSection
	GlobalSection(SolutionProperties) = preSolution
		HideSolutionNode = FALSE
	EndGlobalSection
	GlobalSection(ExtensibilityGlobals) = postSolution
		SolutionGuid = {A8A5A53B-C0E3-4873-8BDA-CBE3095DE5B3}
	EndGlobalSection
EndGlobal
